{
  "name": "alurabank",
  "version": "1.0.0",
  "lockfileVersion": 1,
  "requires": true,
  "dependencies": {
    "@types/jquery": {
      "version": "2.0.42",
      "resolved": "https://registry.npmjs.org/@types/jquery/-/jquery-2.0.42.tgz",
      "integrity": "sha1-V82xoPYQ3a1Iit9iDkD40H/z7N8=",
      "dev": true
    },
    "typescript": {
      "version": "2.3.2",
      "resolved": "https://registry.npmjs.org/typescript/-/typescript-2.3.2.tgz",
      "integrity": "sha1-8PBF4Zb2mnLwayX9O9OdAcPOmYQ=",
      "dev": true
    }
  }
}
